
Microsoft Visual Studio Solution File, Format Version 12.00
# Visual Studio 2013
VisualStudioVersion = 12.0.30723.0
MinimumVisualStudioVersion = 10.0.40219.1
Project("{FAE04EC0-301F-11D3-BF4B-00C04F79EFBC}") = "IF.Lastfm.Core.Tests", "src\IF.Lastfm.Core.Tests\IF.Lastfm.Core.Tests.csproj", "{EC1526C6-AE22-4F12-8640-F9613DFCCE1A}"
EndProject
Project("{2150E333-8FDC-42A3-9474-1A3956D46DE8}") = ".nuget", ".nuget", "{81B53C1A-26E0-4C55-9D20-0E4CF35D6924}"
	ProjectSection(SolutionItems) = preProject
		.nuget\NuGet.Config = .nuget\NuGet.Config
		.nuget\NuGet.exe = .nuget\NuGet.exe
	EndProjectSection
EndProject
Project("{FAE04EC0-301F-11D3-BF4B-00C04F79EFBC}") = "IF.Lastfm.Demo.Apollo", "src\IF.Lastfm.Demo.Apollo\IF.Lastfm.Demo.Apollo.csproj", "{3B3CF5ED-2107-4BFA-9E0E-BCB8260C174B}"
EndProject
Project("{FAE04EC0-301F-11D3-BF4B-00C04F79EFBC}") = "IF.Lastfm.Core", "src\IF.Lastfm.Core\IF.Lastfm.Core.csproj", "{3CF4B78F-8B48-49CB-942F-83DB13474A4F}"
EndProject
Project("{FAE04EC0-301F-11D3-BF4B-00C04F79EFBC}") = "IF.Lastfm.ProgressReport", "src\IF.Lastfm.ProgressReport\IF.Lastfm.ProgressReport.csproj", "{96DE7C3C-F439-484B-A5B5-39A729119BD6}"
EndProject
Global
	GlobalSection(SolutionConfigurationPlatforms) = preSolution
		Debug|Any CPU = Debug|Any CPU
		Debug|ARM = Debug|ARM
		Debug|x86 = Debug|x86
		Release|Any CPU = Release|Any CPU
		Release|ARM = Release|ARM
		Release|x86 = Release|x86
	EndGlobalSection
	GlobalSection(ProjectConfigurationPlatforms) = postSolution
		{EC1526C6-AE22-4F12-8640-F9613DFCCE1A}.Debug|Any CPU.ActiveCfg = Debug|Any CPU
		{EC1526C6-AE22-4F12-8640-F9613DFCCE1A}.Debug|Any CPU.Build.0 = Debug|Any CPU
		{EC1526C6-AE22-4F12-8640-F9613DFCCE1A}.Debug|ARM.ActiveCfg = Debug|Any CPU
		{EC1526C6-AE22-4F12-8640-F9613DFCCE1A}.Debug|x86.ActiveCfg = Debug|Any CPU
		{EC1526C6-AE22-4F12-8640-F9613DFCCE1A}.Debug|x86.Build.0 = Debug|Any CPU
		{EC1526C6-AE22-4F12-8640-F9613DFCCE1A}.Release|Any CPU.ActiveCfg = Release|Any CPU
		{EC1526C6-AE22-4F12-8640-F9613DFCCE1A}.Release|Any CPU.Build.0 = Release|Any CPU
		{EC1526C6-AE22-4F12-8640-F9613DFCCE1A}.Release|ARM.ActiveCfg = Release|Any CPU
		{EC1526C6-AE22-4F12-8640-F9613DFCCE1A}.Release|x86.ActiveCfg = Release|Any CPU
		{3B3CF5ED-2107-4BFA-9E0E-BCB8260C174B}.Debug|Any CPU.ActiveCfg = Debug|Any CPU
		{3B3CF5ED-2107-4BFA-9E0E-BCB8260C174B}.Debug|Any CPU.Build.0 = Debug|Any CPU
		{3B3CF5ED-2107-4BFA-9E0E-BCB8260C174B}.Debug|Any CPU.Deploy.0 = Debug|Any CPU
		{3B3CF5ED-2107-4BFA-9E0E-BCB8260C174B}.Debug|ARM.ActiveCfg = Debug|ARM
		{3B3CF5ED-2107-4BFA-9E0E-BCB8260C174B}.Debug|ARM.Build.0 = Debug|ARM
		{3B3CF5ED-2107-4BFA-9E0E-BCB8260C174B}.Debug|ARM.Deploy.0 = Debug|ARM
		{3B3CF5ED-2107-4BFA-9E0E-BCB8260C174B}.Debug|x86.ActiveCfg = Debug|Any CPU
		{3B3CF5ED-2107-4BFA-9E0E-BCB8260C174B}.Debug|x86.Build.0 = Debug|Any CPU
		{3B3CF5ED-2107-4BFA-9E0E-BCB8260C174B}.Debug|x86.Deploy.0 = Debug|Any CPU
		{3B3CF5ED-2107-4BFA-9E0E-BCB8260C174B}.Release|Any CPU.ActiveCfg = Release|Any CPU
		{3B3CF5ED-2107-4BFA-9E0E-BCB8260C174B}.Release|Any CPU.Build.0 = Release|Any CPU
		{3B3CF5ED-2107-4BFA-9E0E-BCB8260C174B}.Release|Any CPU.Deploy.0 = Release|Any CPU
		{3B3CF5ED-2107-4BFA-9E0E-BCB8260C174B}.Release|ARM.ActiveCfg = Release|ARM
		{3B3CF5ED-2107-4BFA-9E0E-BCB8260C174B}.Release|ARM.Build.0 = Release|ARM
		{3B3CF5ED-2107-4BFA-9E0E-BCB8260C174B}.Release|ARM.Deploy.0 = Release|ARM
		{3B3CF5ED-2107-4BFA-9E0E-BCB8260C174B}.Release|x86.ActiveCfg = Release|x86
		{3B3CF5ED-2107-4BFA-9E0E-BCB8260C174B}.Release|x86.Build.0 = Release|x86
		{3B3CF5ED-2107-4BFA-9E0E-BCB8260C174B}.Release|x86.Deploy.0 = Release|x86
		{3CF4B78F-8B48-49CB-942F-83DB13474A4F}.Debug|Any CPU.ActiveCfg = Debug|Any CPU
		{3CF4B78F-8B48-49CB-942F-83DB13474A4F}.Debug|Any CPU.Build.0 = Debug|Any CPU
		{3CF4B78F-8B48-49CB-942F-83DB13474A4F}.Debug|ARM.ActiveCfg = Debug|Any CPU
		{3CF4B78F-8B48-49CB-942F-83DB13474A4F}.Debug|x86.ActiveCfg = Debug|Any CPU
		{3CF4B78F-8B48-49CB-942F-83DB13474A4F}.Debug|x86.Build.0 = Debug|Any CPU
		{3CF4B78F-8B48-49CB-942F-83DB13474A4F}.Release|Any CPU.ActiveCfg = Release|Any CPU
		{3CF4B78F-8B48-49CB-942F-83DB13474A4F}.Release|Any CPU.Build.0 = Release|Any CPU
		{3CF4B78F-8B48-49CB-942F-83DB13474A4F}.Release|ARM.ActiveCfg = Release|Any CPU
		{3CF4B78F-8B48-49CB-942F-83DB13474A4F}.Release|x86.ActiveCfg = Release|Any CPU
		{96DE7C3C-F439-484B-A5B5-39A729119BD6}.Debug|Any CPU.ActiveCfg = Debug|Any CPU
		{96DE7C3C-F439-484B-A5B5-39A729119BD6}.Debug|Any CPU.Build.0 = Debug|Any CPU
		{96DE7C3C-F439-484B-A5B5-39A729119BD6}.Debug|ARM.ActiveCfg = Debug|Any CPU
		{96DE7C3C-F439-484B-A5B5-39A729119BD6}.Debug|x86.ActiveCfg = Debug|Any CPU
		{96DE7C3C-F439-484B-A5B5-39A729119BD6}.Release|Any CPU.ActiveCfg = Release|Any CPU
		{96DE7C3C-F439-484B-A5B5-39A729119BD6}.Release|Any CPU.Build.0 = Release|Any CPU
		{96DE7C3C-F439-484B-A5B5-39A729119BD6}.Release|ARM.ActiveCfg = Release|Any CPU
		{96DE7C3C-F439-484B-A5B5-39A729119BD6}.Release|x86.ActiveCfg = Release|Any CPU
	EndGlobalSection
	GlobalSection(SolutionProperties) = preSolution
		HideSolutionNode = FALSE
	EndGlobalSection
EndGlobal
