
Microsoft Visual Studio Solution File, Format Version 12.00
# Visual Studio 15
VisualStudioVersion = 15.0.26124.0
MinimumVisualStudioVersion = 15.0.26124.0
Project("{2150E333-8FDC-42A3-9474-1A3956D46DE8}") = "src", "src", "{91BAA1F1-AA7B-4C1B-9AB9-300B74216920}"
EndProject
Project("{FAE04EC0-301F-11D3-BF4B-00C04F79EFBC}") = "IF.Lastfm.Core", "src\IF.Lastfm.Core\IF.Lastfm.Core.csproj", "{BFD08349-6DE7-49D1-8C94-CD79BDB138BC}"
EndProject
Project("{FAE04EC0-301F-11D3-BF4B-00C04F79EFBC}") = "IF.Lastfm.Core.Tests", "src\IF.Lastfm.Core.Tests\IF.Lastfm.Core.Tests.csproj", "{7CAA2717-2CFA-48AD-B29A-BDD2E1E393CC}"
EndProject
Global
	GlobalSection(SolutionConfigurationPlatforms) = preSolution
		Debug|Any CPU = Debug|Any CPU
		Release|Any CPU = Release|Any CPU
	EndGlobalSection
	GlobalSection(SolutionProperties) = preSolution
		HideSolutionNode = FALSE
	EndGlobalSection
	GlobalSection(ProjectConfigurationPlatforms) = postSolution
		{BFD08349-6DE7-49D1-8C94-CD79BDB138BC}.Debug|Any CPU.ActiveCfg = Debug|Any CPU
		{BFD08349-6DE7-49D1-8C94-CD79BDB138BC}.Debug|Any CPU.Build.0 = Debug|Any CPU
		{BFD08349-6DE7-49D1-8C94-CD79BDB138BC}.Release|Any CPU.ActiveCfg = Release|Any CPU
		{BFD08349-6DE7-49D1-8C94-CD79BDB138BC}.Release|Any CPU.Build.0 = Release|Any CPU
		{7CAA2717-2CFA-48AD-B29A-BDD2E1E393CC}.Debug|Any CPU.ActiveCfg = Debug|Any CPU
		{7CAA2717-2CFA-48AD-B29A-BDD2E1E393CC}.Debug|Any CPU.Build.0 = Debug|Any CPU
		{7CAA2717-2CFA-48AD-B29A-BDD2E1E393CC}.Release|Any CPU.ActiveCfg = Release|Any CPU
		{7CAA2717-2CFA-48AD-B29A-BDD2E1E393CC}.Release|Any CPU.Build.0 = Release|Any CPU
	EndGlobalSection
	GlobalSection(NestedProjects) = preSolution
		{BFD08349-6DE7-49D1-8C94-CD79BDB138BC} = {91BAA1F1-AA7B-4C1B-9AB9-300B74216920}
		{7CAA2717-2CFA-48AD-B29A-BDD2E1E393CC} = {91BAA1F1-AA7B-4C1B-9AB9-300B74216920}
	EndGlobalSection
EndGlobal
