
Microsoft Visual Studio Solution File, Format Version 12.00
# Visual Studio 14
VisualStudioVersion = 14.0.25420.1
MinimumVisualStudioVersion = 10.0.40219.1
Project("{FAE04EC0-301F-11D3-BF4B-00C04F79EFBC}") = "IF.Lastfm.Core.Tests", "src\IF.Lastfm.Core.Tests\IF.Lastfm.Core.Tests.csproj", "{EC1526C6-AE22-4F12-8640-F9613DFCCE1A}"
EndProject
Project("{2150E333-8FDC-42A3-9474-1A3956D46DE8}") = ".nuget", ".nuget", "{81B53C1A-26E0-4C55-9D20-0E4CF35D6924}"
	ProjectSection(SolutionItems) = preProject
		.nuget\NuGet.Config = .nuget\NuGet.Config
		.nuget\NuGet.exe = .nuget\NuGet.exe
	EndProjectSection
EndProject
Project("{FAE04EC0-301F-11D3-BF4B-00C04F79EFBC}") = "IF.Lastfm.Core", "src\IF.Lastfm.Core\IF.Lastfm.Core.csproj", "{3CF4B78F-8B48-49CB-942F-83DB13474A4F}"
EndProject
Project("{FAE04EC0-301F-11D3-BF4B-00C04F79EFBC}") = "IF.Lastfm.Syro", "src\IF.Lastfm.Syro\IF.Lastfm.Syro.csproj", "{2BDE74CF-AB11-441D-9641-5EAAD38DD01D}"
EndProject
Project("{FAE04EC0-301F-11D3-BF4B-00C04F79EFBC}") = "IF.Lastfm.Core.Tests.Integration", "src\IF.Lastfm.Core.Tests.Integration\IF.Lastfm.Core.Tests.Integration.csproj", "{39C00A2D-9896-4392-B751-540CD16B3315}"
EndProject
Project("{2150E333-8FDC-42A3-9474-1A3956D46DE8}") = "Tests", "Tests", "{5185BD96-FDB5-4DB2-A967-9152D6556150}"
EndProject
Global
	GlobalSection(SolutionConfigurationPlatforms) = preSolution
		Debug ARM|Any CPU = Debug ARM|Any CPU
		Debug ARM|ARM = Debug ARM|ARM
		Debug ARM|x64 = Debug ARM|x64
		Debug ARM|x86 = Debug ARM|x86
		Debug|Any CPU = Debug|Any CPU
		Debug|ARM = Debug|ARM
		Debug|x64 = Debug|x64
		Debug|x86 = Debug|x86
		Release|Any CPU = Release|Any CPU
		Release|ARM = Release|ARM
		Release|x64 = Release|x64
		Release|x86 = Release|x86
	EndGlobalSection
	GlobalSection(ProjectConfigurationPlatforms) = postSolution
		{EC1526C6-AE22-4F12-8640-F9613DFCCE1A}.Debug ARM|Any CPU.ActiveCfg = Debug|Any CPU
		{EC1526C6-AE22-4F12-8640-F9613DFCCE1A}.Debug ARM|Any CPU.Build.0 = Debug|Any CPU
		{EC1526C6-AE22-4F12-8640-F9613DFCCE1A}.Debug ARM|ARM.ActiveCfg = Debug|Any CPU
		{EC1526C6-AE22-4F12-8640-F9613DFCCE1A}.Debug ARM|x64.ActiveCfg = Debug|Any CPU
		{EC1526C6-AE22-4F12-8640-F9613DFCCE1A}.Debug ARM|x86.ActiveCfg = Debug|Any CPU
		{EC1526C6-AE22-4F12-8640-F9613DFCCE1A}.Debug|Any CPU.ActiveCfg = Debug|Any CPU
		{EC1526C6-AE22-4F12-8640-F9613DFCCE1A}.Debug|Any CPU.Build.0 = Debug|Any CPU
		{EC1526C6-AE22-4F12-8640-F9613DFCCE1A}.Debug|ARM.ActiveCfg = Debug|Any CPU
		{EC1526C6-AE22-4F12-8640-F9613DFCCE1A}.Debug|x64.ActiveCfg = Debug|Any CPU
		{EC1526C6-AE22-4F12-8640-F9613DFCCE1A}.Debug|x86.ActiveCfg = Debug|Any CPU
		{EC1526C6-AE22-4F12-8640-F9613DFCCE1A}.Debug|x86.Build.0 = Debug|Any CPU
		{EC1526C6-AE22-4F12-8640-F9613DFCCE1A}.Release|Any CPU.ActiveCfg = Release|Any CPU
		{EC1526C6-AE22-4F12-8640-F9613DFCCE1A}.Release|Any CPU.Build.0 = Release|Any CPU
		{EC1526C6-AE22-4F12-8640-F9613DFCCE1A}.Release|ARM.ActiveCfg = Release|Any CPU
		{EC1526C6-AE22-4F12-8640-F9613DFCCE1A}.Release|x64.ActiveCfg = Release|Any CPU
		{EC1526C6-AE22-4F12-8640-F9613DFCCE1A}.Release|x86.ActiveCfg = Release|Any CPU
		{3CF4B78F-8B48-49CB-942F-83DB13474A4F}.Debug ARM|Any CPU.ActiveCfg = Debug|Any CPU
		{3CF4B78F-8B48-49CB-942F-83DB13474A4F}.Debug ARM|Any CPU.Build.0 = Debug|Any CPU
		{3CF4B78F-8B48-49CB-942F-83DB13474A4F}.Debug ARM|ARM.ActiveCfg = Debug|Any CPU
		{3CF4B78F-8B48-49CB-942F-83DB13474A4F}.Debug ARM|x64.ActiveCfg = Debug|Any CPU
		{3CF4B78F-8B48-49CB-942F-83DB13474A4F}.Debug ARM|x86.ActiveCfg = Debug|Any CPU
		{3CF4B78F-8B48-49CB-942F-83DB13474A4F}.Debug|Any CPU.ActiveCfg = Debug|Any CPU
		{3CF4B78F-8B48-49CB-942F-83DB13474A4F}.Debug|Any CPU.Build.0 = Debug|Any CPU
		{3CF4B78F-8B48-49CB-942F-83DB13474A4F}.Debug|ARM.ActiveCfg = Debug|Any CPU
		{3CF4B78F-8B48-49CB-942F-83DB13474A4F}.Debug|x64.ActiveCfg = Debug|Any CPU
		{3CF4B78F-8B48-49CB-942F-83DB13474A4F}.Debug|x86.ActiveCfg = Debug|Any CPU
		{3CF4B78F-8B48-49CB-942F-83DB13474A4F}.Debug|x86.Build.0 = Debug|Any CPU
		{3CF4B78F-8B48-49CB-942F-83DB13474A4F}.Release|Any CPU.ActiveCfg = Release|Any CPU
		{3CF4B78F-8B48-49CB-942F-83DB13474A4F}.Release|Any CPU.Build.0 = Release|Any CPU
		{3CF4B78F-8B48-49CB-942F-83DB13474A4F}.Release|ARM.ActiveCfg = Release|Any CPU
		{3CF4B78F-8B48-49CB-942F-83DB13474A4F}.Release|x64.ActiveCfg = Release|Any CPU
		{3CF4B78F-8B48-49CB-942F-83DB13474A4F}.Release|x86.ActiveCfg = Release|Any CPU
		{2BDE74CF-AB11-441D-9641-5EAAD38DD01D}.Debug ARM|Any CPU.ActiveCfg = Debug|Any CPU
		{2BDE74CF-AB11-441D-9641-5EAAD38DD01D}.Debug ARM|Any CPU.Build.0 = Debug|Any CPU
		{2BDE74CF-AB11-441D-9641-5EAAD38DD01D}.Debug ARM|ARM.ActiveCfg = Debug|Any CPU
		{2BDE74CF-AB11-441D-9641-5EAAD38DD01D}.Debug ARM|x64.ActiveCfg = Debug|Any CPU
		{2BDE74CF-AB11-441D-9641-5EAAD38DD01D}.Debug ARM|x86.ActiveCfg = Debug|Any CPU
		{2BDE74CF-AB11-441D-9641-5EAAD38DD01D}.Debug|Any CPU.ActiveCfg = Debug|Any CPU
		{2BDE74CF-AB11-441D-9641-5EAAD38DD01D}.Debug|Any CPU.Build.0 = Debug|Any CPU
		{2BDE74CF-AB11-441D-9641-5EAAD38DD01D}.Debug|ARM.ActiveCfg = Debug|Any CPU
		{2BDE74CF-AB11-441D-9641-5EAAD38DD01D}.Debug|x64.ActiveCfg = Debug|Any CPU
		{2BDE74CF-AB11-441D-9641-5EAAD38DD01D}.Debug|x86.ActiveCfg = Debug|Any CPU
		{2BDE74CF-AB11-441D-9641-5EAAD38DD01D}.Release|Any CPU.ActiveCfg = Release|Any CPU
		{2BDE74CF-AB11-441D-9641-5EAAD38DD01D}.Release|Any CPU.Build.0 = Release|Any CPU
		{2BDE74CF-AB11-441D-9641-5EAAD38DD01D}.Release|ARM.ActiveCfg = Release|Any CPU
		{2BDE74CF-AB11-441D-9641-5EAAD38DD01D}.Release|x64.ActiveCfg = Release|Any CPU
		{2BDE74CF-AB11-441D-9641-5EAAD38DD01D}.Release|x86.ActiveCfg = Release|Any CPU
		{39C00A2D-9896-4392-B751-540CD16B3315}.Debug ARM|Any CPU.ActiveCfg = Debug|Any CPU
		{39C00A2D-9896-4392-B751-540CD16B3315}.Debug ARM|Any CPU.Build.0 = Debug|Any CPU
		{39C00A2D-9896-4392-B751-540CD16B3315}.Debug ARM|ARM.ActiveCfg = Debug|Any CPU
		{39C00A2D-9896-4392-B751-540CD16B3315}.Debug ARM|x64.ActiveCfg = Debug|Any CPU
		{39C00A2D-9896-4392-B751-540CD16B3315}.Debug ARM|x86.ActiveCfg = Debug|Any CPU
		{39C00A2D-9896-4392-B751-540CD16B3315}.Debug|Any CPU.ActiveCfg = Debug|Any CPU
		{39C00A2D-9896-4392-B751-540CD16B3315}.Debug|Any CPU.Build.0 = Debug|Any CPU
		{39C00A2D-9896-4392-B751-540CD16B3315}.Debug|ARM.ActiveCfg = Debug|Any CPU
		{39C00A2D-9896-4392-B751-540CD16B3315}.Debug|x64.ActiveCfg = Debug|Any CPU
		{39C00A2D-9896-4392-B751-540CD16B3315}.Debug|x86.ActiveCfg = Debug|Any CPU
		{39C00A2D-9896-4392-B751-540CD16B3315}.Release|Any CPU.ActiveCfg = Release|Any CPU
		{39C00A2D-9896-4392-B751-540CD16B3315}.Release|Any CPU.Build.0 = Release|Any CPU
		{39C00A2D-9896-4392-B751-540CD16B3315}.Release|ARM.ActiveCfg = Release|Any CPU
		{39C00A2D-9896-4392-B751-540CD16B3315}.Release|x64.ActiveCfg = Release|Any CPU
		{39C00A2D-9896-4392-B751-540CD16B3315}.Release|x86.ActiveCfg = Release|Any CPU
	EndGlobalSection
	GlobalSection(SolutionProperties) = preSolution
		HideSolutionNode = FALSE
	EndGlobalSection
	GlobalSection(NestedProjects) = preSolution
		{EC1526C6-AE22-4F12-8640-F9613DFCCE1A} = {5185BD96-FDB5-4DB2-A967-9152D6556150}
		{39C00A2D-9896-4392-B751-540CD16B3315} = {5185BD96-FDB5-4DB2-A967-9152D6556150}
	EndGlobalSection
EndGlobal
